// !$*UTF8*$!
{
	archiveVersion = 1;
	classes = {
	};
	objectVersion = 77;
	objects = {

/* Begin PBXBuildFile section */
		86EB22762EB76B32009B91F8 /* HomeView.swift in Sources */ = {isa = PBXBuildFile; fileRef = 86EB22702EB76B32009B91F8 /* HomeView.swift */; };
		86EB22772EB76B32009B91F8 /* NotificationService.swift in Sources */ = {isa = PBXBuildFile; fileRef = 86EB226A2EB76B32009B91F8 /* NotificationService.swift */; };
		86EB22782EB76B32009B91F8 /* DataService.swift in Sources */ = {isa = PBXBuildFile; fileRef = 86EB22682EB76B32009B91F8 /* DataService.swift */; };
		86EB22792EB76B32009B91F8 /* ElevenLabsService.swift in Sources */ = {isa = PBXBuildFile; fileRef = 86EB22692EB76B32009B91F8 /* ElevenLabsService.swift */; };
		86EB227A2EB76B32009B91F8 /* WelcomeView.swift in Sources */ = {isa = PBXBuildFile; fileRef = 86EB22732EB76B32009B91F8 /* WelcomeView.swift */; };
		86EB227B2EB76B32009B91F8 /* Constants.swift in Sources */ = {isa = PBXBuildFile; fileRef = 86EB226C2EB76B32009B91F8 /* Constants.swift */; };
		86EB227C2EB76B32009B91F8 /* MotivationalCoachApp.swift in Sources */ = {isa = PBXBuildFile; fileRef = 86EB22612EB76B32009B91F8 /* MotivationalCoachApp.swift */; };
		86EB227D2EB76B32009B91F8 /* ConversationSession.swift in Sources */ = {isa = PBXBuildFile; fileRef = 86EB22632EB76B32009B91F8 /* ConversationSession.swift */; };
		86EB227E2EB76B32009B91F8 /* DailyProgress.swift in Sources */ = {isa = PBXBuildFile; fileRef = 86EB22642EB76B32009B91F8 /* DailyProgress.swift */; };
		86EB227F2EB76B32009B91F8 /* GoalSetupView.swift in Sources */ = {isa = PBXBuildFile; fileRef = 86EB22722EB76B32009B91F8 /* GoalSetupView.swift */; };
		86EB22802EB76B32009B91F8 /* User.swift in Sources */ = {isa = PBXBuildFile; fileRef = 86EB22662EB76B32009B91F8 /* User.swift */; };
		86EB22812EB76B32009B91F8 /* ContentView.swift in Sources */ = {isa = PBXBuildFile; fileRef = 86EB22602EB76B32009B91F8 /* ContentView.swift */; };
		86EB22822EB76B32009B91F8 /* Goal.swift in Sources */ = {isa = PBXBuildFile; fileRef = 86EB22652EB76B32009B91F8 /* Goal.swift */; };
		86EB22832EB76B32009B91F8 /* CoachConversationView.swift in Sources */ = {isa = PBXBuildFile; fileRef = 86EB226E2EB76B32009B91F8 /* CoachConversationView.swift */; };
		86EB22852EB76C88009B91F8 /* Assets.xcassets in Resources */ = {isa = PBXBuildFile; fileRef = 86EB22842EB76C88009B91F8 /* Assets.xcassets */; };
/* End PBXBuildFile section */

/* Begin PBXContainerItemProxy section */
		86795D7E2EB76918006346C5 /* PBXContainerItemProxy */ = {
			isa = PBXContainerItemProxy;
			containerPortal = 86795D682EB76917006346C5 /* Project object */;
			proxyType = 1;
			remoteGlobalIDString = 86795D6F2EB76917006346C5;
			remoteInfo = MotivationalCoachApp;
		};
		86795D882EB76918006346C5 /* PBXContainerItemProxy */ = {
			isa = PBXContainerItemProxy;
			containerPortal = 86795D682EB76917006346C5 /* Project object */;
			proxyType = 1;
			remoteGlobalIDString = 86795D6F2EB76917006346C5;
			remoteInfo = MotivationalCoachApp;
		};
/* End PBXContainerItemProxy section */

/* Begin PBXFileReference section */
		86795D702EB76917006346C5 /* MotivationalCoachApp.app */ = {isa = PBXFileReference; explicitFileType = wrapper.application; includeInIndex = 0; path = MotivationalCoachApp.app; sourceTree = BUILT_PRODUCTS_DIR; };
		86795D7D2EB76918006346C5 /* MotivationalCoachAppTests.xctest */ = {isa = PBXFileReference; explicitFileType = wrapper.cfbundle; includeInIndex = 0; path = MotivationalCoachAppTests.xctest; sourceTree = BUILT_PRODUCTS_DIR; };
		86795D872EB76918006346C5 /* MotivationalCoachAppUITests.xctest */ = {isa = PBXFileReference; explicitFileType = wrapper.cfbundle; includeInIndex = 0; path = MotivationalCoachAppUITests.xctest; sourceTree = BUILT_PRODUCTS_DIR; };
		86EB22602EB76B32009B91F8 /* ContentView.swift */ = {isa = PBXFileReference; lastKnownFileType = sourcecode.swift; path = ContentView.swift; sourceTree = "<group>"; };
		86EB22612EB76B32009B91F8 /* MotivationalCoachApp.swift */ = {isa = PBXFileReference; lastKnownFileType = sourcecode.swift; path = MotivationalCoachApp.swift; sourceTree = "<group>"; };
		86EB22632EB76B32009B91F8 /* ConversationSession.swift */ = {isa = PBXFileReference; lastKnownFileType = sourcecode.swift; path = ConversationSession.swift; sourceTree = "<group>"; };
		86EB22642EB76B32009B91F8 /* DailyProgress.swift */ = {isa = PBXFileReference; lastKnownFileType = sourcecode.swift; path = DailyProgress.swift; sourceTree = "<group>"; };
		86EB22652EB76B32009B91F8 /* Goal.swift */ = {isa = PBXFileReference; lastKnownFileType = sourcecode.swift; path = Goal.swift; sourceTree = "<group>"; };
		86EB22662EB76B32009B91F8 /* User.swift */ = {isa = PBXFileReference; lastKnownFileType = sourcecode.swift; path = User.swift; sourceTree = "<group>"; };
		86EB22682EB76B32009B91F8 /* DataService.swift */ = {isa = PBXFileReference; lastKnownFileType = sourcecode.swift; path = DataService.swift; sourceTree = "<group>"; };
		86EB22692EB76B32009B91F8 /* ElevenLabsService.swift */ = {isa = PBXFileReference; lastKnownFileType = sourcecode.swift; path = ElevenLabsService.swift; sourceTree = "<group>"; };
		86EB226A2EB76B32009B91F8 /* NotificationService.swift */ = {isa = PBXFileReference; lastKnownFileType = sourcecode.swift; path = NotificationService.swift; sourceTree = "<group>"; };
		86EB226C2EB76B32009B91F8 /* Constants.swift */ = {isa = PBXFileReference; lastKnownFileType = sourcecode.swift; path = Constants.swift; sourceTree = "<group>"; };
		86EB226E2EB76B32009B91F8 /* CoachConversationView.swift */ = {isa = PBXFileReference; lastKnownFileType = sourcecode.swift; path = CoachConversationView.swift; sourceTree = "<group>"; };
		86EB22702EB76B32009B91F8 /* HomeView.swift */ = {isa = PBXFileReference; lastKnownFileType = sourcecode.swift; path = HomeView.swift; sourceTree = "<group>"; };
		86EB22722EB76B32009B91F8 /* GoalSetupView.swift */ = {isa = PBXFileReference; lastKnownFileType = sourcecode.swift; path = GoalSetupView.swift; sourceTree = "<group>"; };
		86EB22732EB76B32009B91F8 /* WelcomeView.swift */ = {isa = PBXFileReference; lastKnownFileType = sourcecode.swift; path = WelcomeView.swift; sourceTree = "<group>"; };
		86EB22842EB76C88009B91F8 /* Assets.xcassets */ = {isa = PBXFileReference; lastKnownFileType = folder.assetcatalog; path = Assets.xcassets; sourceTree = "<group>"; };
/* End PBXFileReference section */

/* Begin PBXFileSystemSynchronizedRootGroup section */
		86795D802EB76918006346C5 /* MotivationalCoachAppTests */ = {
			isa = PBXFileSystemSynchronizedRootGroup;
			path = MotivationalCoachAppTests;
			sourceTree = "<group>";
		};
		86795D8A2EB76918006346C5 /* MotivationalCoachAppUITests */ = {
			isa = PBXFileSystemSynchronizedRootGroup;
			path = MotivationalCoachAppUITests;
			sourceTree = "<group>";
		};
/* End PBXFileSystemSynchronizedRootGroup section */

/* Begin PBXFrameworksBuildPhase section */
		86795D6D2EB76917006346C5 /* Frameworks */ = {
			isa = PBXFrameworksBuildPhase;
			buildActionMask = 2147483647;
			files = (
			);
			runOnlyForDeploymentPostprocessing = 0;
		};
		86795D7A2EB76918006346C5 /* Frameworks */ = {
			isa = PBXFrameworksBuildPhase;
			buildActionMask = 2147483647;
			files = (
			);
			runOnlyForDeploymentPostprocessing = 0;
		};
		86795D842EB76918006346C5 /* Frameworks */ = {
			isa = PBXFrameworksBuildPhase;
			buildActionMask = 2147483647;
			files = (
			);
			runOnlyForDeploymentPostprocessing = 0;
		};
/* End PBXFrameworksBuildPhase section */

/* Begin PBXGroup section */
		86795D672EB76917006346C5 = {
			isa = PBXGroup;
			children = (
				86EB22842EB76C88009B91F8 /* Assets.xcassets */,
				86EB22622EB76B32009B91F8 /* App */,
				86EB22672EB76B32009B91F8 /* Models */,
				86EB226B2EB76B32009B91F8 /* Services */,
				86EB226D2EB76B32009B91F8 /* Utilities */,
				86EB22752EB76B32009B91F8 /* Views */,
				86795D802EB76918006346C5 /* MotivationalCoachAppTests */,
				86795D8A2EB76918006346C5 /* MotivationalCoachAppUITests */,
				86795D712EB76917006346C5 /* Products */,
			);
			sourceTree = "<group>";
		};
		86795D712EB76917006346C5 /* Products */ = {
			isa = PBXGroup;
			children = (
				86795D702EB76917006346C5 /* MotivationalCoachApp.app */,
				86795D7D2EB76918006346C5 /* MotivationalCoachAppTests.xctest */,
				86795D872EB76918006346C5 /* MotivationalCoachAppUITests.xctest */,
			);
			name = Products;
			sourceTree = "<group>";
		};
		86EB22622EB76B32009B91F8 /* App */ = {
			isa = PBXGroup;
			children = (
				86EB22602EB76B32009B91F8 /* ContentView.swift */,
				86EB22612EB76B32009B91F8 /* MotivationalCoachApp.swift */,
			);
			path = App;
			sourceTree = "<group>";
		};
		86EB22672EB76B32009B91F8 /* Models */ = {
			isa = PBXGroup;
			children = (
				86EB22632EB76B32009B91F8 /* ConversationSession.swift */,
				86EB22642EB76B32009B91F8 /* DailyProgress.swift */,
				86EB22652EB76B32009B91F8 /* Goal.swift */,
				86EB22662EB76B32009B91F8 /* User.swift */,
			);
			path = Models;
			sourceTree = "<group>";
		};
		86EB226B2EB76B32009B91F8 /* Services */ = {
			isa = PBXGroup;
			children = (
				86EB22682EB76B32009B91F8 /* DataService.swift */,
				86EB22692EB76B32009B91F8 /* ElevenLabsService.swift */,
				86EB226A2EB76B32009B91F8 /* NotificationService.swift */,
			);
			path = Services;
			sourceTree = "<group>";
		};
		86EB226D2EB76B32009B91F8 /* Utilities */ = {
			isa = PBXGroup;
			children = (
				86EB226C2EB76B32009B91F8 /* Constants.swift */,
			);
			path = Utilities;
			sourceTree = "<group>";
		};
		86EB226F2EB76B32009B91F8 /* Coach */ = {
			isa = PBXGroup;
			children = (
				86EB226E2EB76B32009B91F8 /* CoachConversationView.swift */,
			);
			path = Coach;
			sourceTree = "<group>";
		};
		86EB22712EB76B32009B91F8 /* Home */ = {
			isa = PBXGroup;
			children = (
				86EB22702EB76B32009B91F8 /* HomeView.swift */,
			);
			path = Home;
			sourceTree = "<group>";
		};
		86EB22742EB76B32009B91F8 /* Onboarding */ = {
			isa = PBXGroup;
			children = (
				86EB22722EB76B32009B91F8 /* GoalSetupView.swift */,
				86EB22732EB76B32009B91F8 /* WelcomeView.swift */,
			);
			path = Onboarding;
			sourceTree = "<group>";
		};
		86EB22752EB76B32009B91F8 /* Views */ = {
			isa = PBXGroup;
			children = (
				86EB226F2EB76B32009B91F8 /* Coach */,
				86EB22712EB76B32009B91F8 /* Home */,
				86EB22742EB76B32009B91F8 /* Onboarding */,
			);
			path = Views;
			sourceTree = "<group>";
		};
/* End PBXGroup section */

/* Begin PBXNativeTarget section */
		86795D6F2EB76917006346C5 /* MotivationalCoachApp */ = {
			isa = PBXNativeTarget;
			buildConfigurationList = 86795D912EB76918006346C5 /* Build configuration list for PBXNativeTarget "MotivationalCoachApp" */;
			buildPhases = (
				86795D6C2EB76917006346C5 /* Sources */,
				86795D6D2EB76917006346C5 /* Frameworks */,
				86795D6E2EB76917006346C5 /* Resources */,
			);
			buildRules = (
			);
			dependencies = (
			);
			name = MotivationalCoachApp;
			packageProductDependencies = (
			);
			productName = MotivationalCoachApp;
			productReference = 86795D702EB76917006346C5 /* MotivationalCoachApp.app */;
			productType = "com.apple.product-type.application";
		};
		86795D7C2EB76918006346C5 /* MotivationalCoachAppTests */ = {
			isa = PBXNativeTarget;
			buildConfigurationList = 86795D942EB76918006346C5 /* Build configuration list for PBXNativeTarget "MotivationalCoachAppTests" */;
			buildPhases = (
				86795D792EB76918006346C5 /* Sources */,
				86795D7A2EB76918006346C5 /* Frameworks */,
				86795D7B2EB76918006346C5 /* Resources */,
			);
			buildRules = (
			);
			dependencies = (
				86795D7F2EB76918006346C5 /* PBXTargetDependency */,
			);
			fileSystemSynchronizedGroups = (
				86795D802EB76918006346C5 /* MotivationalCoachAppTests */,
			);
			name = MotivationalCoachAppTests;
			packageProductDependencies = (
			);
			productName = MotivationalCoachAppTests;
			productReference = 86795D7D2EB76918006346C5 /* MotivationalCoachAppTests.xctest */;
			productType = "com.apple.product-type.bundle.unit-test";
		};
		86795D862EB76918006346C5 /* MotivationalCoachAppUITests */ = {
			isa = PBXNativeTarget;
			buildConfigurationList = 86795D972EB76918006346C5 /* Build configuration list for PBXNativeTarget "MotivationalCoachAppUITests" */;
			buildPhases = (
				86795D832EB76918006346C5 /* Sources */,
				86795D842EB76918006346C5 /* Frameworks */,
				86795D852EB76918006346C5 /* Resources */,
			);
			buildRules = (
			);
			dependencies = (
				86795D892EB76918006346C5 /* PBXTargetDependency */,
			);
			fileSystemSynchronizedGroups = (
				86795D8A2EB76918006346C5 /* MotivationalCoachAppUITests */,
			);
			name = MotivationalCoachAppUITests;
			packageProductDependencies = (
			);
			productName = MotivationalCoachAppUITests;
			productReference = 86795D872EB76918006346C5 /* MotivationalCoachAppUITests.xctest */;
			productType = "com.apple.product-type.bundle.ui-testing";
		};
/* End PBXNativeTarget section */

/* Begin PBXProject section */
		86795D682EB76917006346C5 /* Project object */ = {
			isa = PBXProject;
			attributes = {
				BuildIndependentTargetsInParallel = 1;
				LastSwiftUpdateCheck = 2600;
				LastUpgradeCheck = 2600;
				TargetAttributes = {
					86795D6F2EB76917006346C5 = {
						CreatedOnToolsVersion = 26.0.1;
					};
					86795D7C2EB76918006346C5 = {
						CreatedOnToolsVersion = 26.0.1;
						TestTargetID = 86795D6F2EB76917006346C5;
					};
					86795D862EB76918006346C5 = {
						CreatedOnToolsVersion = 26.0.1;
						TestTargetID = 86795D6F2EB76917006346C5;
					};
				};
			};
			buildConfigurationList = 86795D6B2EB76917006346C5 /* Build configuration list for PBXProject "MotivationalCoachApp" */;
			developmentRegion = en;
			hasScannedForEncodings = 0;
			knownRegions = (
				en,
				Base,
			);
			mainGroup = 86795D672EB76917006346C5;
			minimizedProjectReferenceProxies = 1;
			preferredProjectObjectVersion = 77;
			productRefGroup = 86795D712EB76917006346C5 /* Products */;
			projectDirPath = "";
			projectRoot = "";
			targets = (
				86795D6F2EB76917006346C5 /* MotivationalCoachApp */,
				86795D7C2EB76918006346C5 /* MotivationalCoachAppTests */,
				86795D862EB76918006346C5 /* MotivationalCoachAppUITests */,
			);
		};
/* End PBXProject section */

/* Begin PBXResourcesBuildPhase section */
		86795D6E2EB76917006346C5 /* Resources */ = {
			isa = PBXResourcesBuildPhase;
			buildActionMask = 2147483647;
			files = (
				86EB22852EB76C88009B91F8 /* Assets.xcassets in Resources */,
			);
			runOnlyForDeploymentPostprocessing = 0;
		};
		86795D7B2EB76918006346C5 /* Resources */ = {
			isa = PBXResourcesBuildPhase;
			buildActionMask = 2147483647;
			files = (
			);
			runOnlyForDeploymentPostprocessing = 0;
		};
		86795D852EB76918006346C5 /* Resources */ = {
			isa = PBXResourcesBuildPhase;
			buildActionMask = 2147483647;
			files = (
			);
			runOnlyForDeploymentPostprocessing = 0;
		};
/* End PBXResourcesBuildPhase section */

/* Begin PBXSourcesBuildPhase section */
		86795D6C2EB76917006346C5 /* Sources */ = {
			isa = PBXSourcesBuildPhase;
			buildActionMask = 2147483647;
			files = (
				86EB22762EB76B32009B91F8 /* HomeView.swift in Sources */,
				86EB22772EB76B32009B91F8 /* NotificationService.swift in Sources */,
				86EB22782EB76B32009B91F8 /* DataService.swift in Sources */,
				86EB22792EB76B32009B91F8 /* ElevenLabsService.swift in Sources */,
				86EB227A2EB76B32009B91F8 /* WelcomeView.swift in Sources */,
				86EB227B2EB76B32009B91F8 /* Constants.swift in Sources */,
				86EB227C2EB76B32009B91F8 /* MotivationalCoachApp.swift in Sources */,
				86EB227D2EB76B32009B91F8 /* ConversationSession.swift in Sources */,
				86EB227E2EB76B32009B91F8 /* DailyProgress.swift in Sources */,
				86EB227F2EB76B32009B91F8 /* GoalSetupView.swift in Sources */,
				86EB22802EB76B32009B91F8 /* User.swift in Sources */,
				86EB22812EB76B32009B91F8 /* ContentView.swift in Sources */,
				86EB22822EB76B32009B91F8 /* Goal.swift in Sources */,
				86EB22832EB76B32009B91F8 /* CoachConversationView.swift in Sources */,
			);
			runOnlyForDeploymentPostprocessing = 0;
		};
		86795D792EB76918006346C5 /* Sources */ = {
			isa = PBXSourcesBuildPhase;
			buildActionMask = 2147483647;
			files = (
			);
			runOnlyForDeploymentPostprocessing = 0;
		};
		86795D832EB76918006346C5 /* Sources */ = {
			isa = PBXSourcesBuildPhase;
			buildActionMask = 2147483647;
			files = (
			);
			runOnlyForDeploymentPostprocessing = 0;
		};
/* End PBXSourcesBuildPhase section */

/* Begin PBXTargetDependency section */
		86795D7F2EB76918006346C5 /* PBXTargetDependency */ = {
			isa = PBXTargetDependency;
			target = 86795D6F2EB76917006346C5 /* MotivationalCoachApp */;
			targetProxy = 86795D7E2EB76918006346C5 /* PBXContainerItemProxy */;
		};
		86795D892EB76918006346C5 /* PBXTargetDependency */ = {
			isa = PBXTargetDependency;
			target = 86795D6F2EB76917006346C5 /* MotivationalCoachApp */;
			targetProxy = 86795D882EB76918006346C5 /* PBXContainerItemProxy */;
		};
/* End PBXTargetDependency section */

/* Begin XCBuildConfiguration section */
		86795D8F2EB76918006346C5 /* Debug */ = {
			isa = XCBuildConfiguration;
			buildSettings = {
				ALWAYS_SEARCH_USER_PATHS = NO;
				ASSETCATALOG_COMPILER_GENERATE_SWIFT_ASSET_SYMBOL_EXTENSIONS = YES;
				CLANG_ANALYZER_NONNULL = YES;
				CLANG_ANALYZER_NUMBER_OBJECT_CONVERSION = YES_AGGRESSIVE;
				CLANG_CXX_LANGUAGE_STANDARD = "gnu++20";
				CLANG_ENABLE_MODULES = YES;
				CLANG_ENABLE_OBJC_ARC = YES;
				CLANG_ENABLE_OBJC_WEAK = YES;
				CLANG_WARN_BLOCK_CAPTURE_AUTORELEASING = YES;
				CLANG_WARN_BOOL_CONVERSION = YES;
				CLANG_WARN_COMMA = YES;
				CLANG_WARN_CONSTANT_CONVERSION = YES;
				CLANG_WARN_DEPRECATED_OBJC_IMPLEMENTATIONS = YES;
				CLANG_WARN_DIRECT_OBJC_ISA_USAGE = YES_ERROR;
				CLANG_WARN_DOCUMENTATION_COMMENTS = YES;
				CLANG_WARN_EMPTY_BODY = YES;
				CLANG_WARN_ENUM_CONVERSION = YES;
				CLANG_WARN_INFINITE_RECURSION = YES;
				CLANG_WARN_INT_CONVERSION = YES;
				CLANG_WARN_NON_LITERAL_NULL_CONVERSION = YES;
				CLANG_WARN_OBJC_IMPLICIT_RETAIN_SELF = YES;
				CLANG_WARN_OBJC_LITERAL_CONVERSION = YES;
				CLANG_WARN_OBJC_ROOT_CLASS = YES_ERROR;
				CLANG_WARN_QUOTED_INCLUDE_IN_FRAMEWORK_HEADER = YES;
				CLANG_WARN_RANGE_LOOP_ANALYSIS = YES;
				CLANG_WARN_STRICT_PROTOTYPES = YES;
				CLANG_WARN_SUSPICIOUS_MOVE = YES;
				CLANG_WARN_UNGUARDED_AVAILABILITY = YES_AGGRESSIVE;
				CLANG_WARN_UNREACHABLE_CODE = YES;
				CLANG_WARN__DUPLICATE_METHOD_MATCH = YES;
				COPY_PHASE_STRIP = NO;
				DEBUG_INFORMATION_FORMAT = dwarf;
				DEVELOPMENT_TEAM = A487VR8892;
				ENABLE_STRICT_OBJC_MSGSEND = YES;
				ENABLE_TESTABILITY = YES;
				ENABLE_USER_SCRIPT_SANDBOXING = YES;
				GCC_C_LANGUAGE_STANDARD = gnu17;
				GCC_DYNAMIC_NO_PIC = NO;
				GCC_NO_COMMON_BLOCKS = YES;
				GCC_OPTIMIZATION_LEVEL = 0;
				GCC_PREPROCESSOR_DEFINITIONS = (
					"DEBUG=1",
					"$(inherited)",
				);
				GCC_WARN_64_TO_32_BIT_CONVERSION = YES;
				GCC_WARN_ABOUT_RETURN_TYPE = YES_ERROR;
				GCC_WARN_UNDECLARED_SELECTOR = YES;
				GCC_WARN_UNINITIALIZED_AUTOS = YES_AGGRESSIVE;
				GCC_WARN_UNUSED_FUNCTION = YES;
				GCC_WARN_UNUSED_VARIABLE = YES;
				IPHONEOS_DEPLOYMENT_TARGET = 26.0;
				LOCALIZATION_PREFERS_STRING_CATALOGS = YES;
				MTL_ENABLE_DEBUG_INFO = INCLUDE_SOURCE;
				MTL_FAST_MATH = YES;
				ONLY_ACTIVE_ARCH = YES;
				SDKROOT = iphoneos;
				SWIFT_ACTIVE_COMPILATION_CONDITIONS = "DEBUG $(inherited)";
				SWIFT_OPTIMIZATION_LEVEL = "-Onone";
			};
			name = Debug;
		};
		86795D902EB76918006346C5 /* Release */ = {
			isa = XCBuildConfiguration;
			buildSettings = {
				ALWAYS_SEARCH_USER_PATHS = NO;
				ASSETCATALOG_COMPILER_GENERATE_SWIFT_ASSET_SYMBOL_EXTENSIONS = YES;
				CLANG_ANALYZER_NONNULL = YES;
				CLANG_ANALYZER_NUMBER_OBJECT_CONVERSION = YES_AGGRESSIVE;
				CLANG_CXX_LANGUAGE_STANDARD = "gnu++20";
				CLANG_ENABLE_MODULES = YES;
				CLANG_ENABLE_OBJC_ARC = YES;
				CLANG_ENABLE_OBJC_WEAK = YES;
				CLANG_WARN_BLOCK_CAPTURE_AUTORELEASING = YES;
				CLANG_WARN_BOOL_CONVERSION = YES;
				CLANG_WARN_COMMA = YES;
				CLANG_WARN_CONSTANT_CONVERSION = YES;
				CLANG_WARN_DEPRECATED_OBJC_IMPLEMENTATIONS = YES;
				CLANG_WARN_DIRECT_OBJC_ISA_USAGE = YES_ERROR;
				CLANG_WARN_DOCUMENTATION_COMMENTS = YES;
				CLANG_WARN_EMPTY_BODY = YES;
				CLANG_WARN_ENUM_CONVERSION = YES;
				CLANG_WARN_INFINITE_RECURSION = YES;
				CLANG_WARN_INT_CONVERSION = YES;
				CLANG_WARN_NON_LITERAL_NULL_CONVERSION = YES;
				CLANG_WARN_OBJC_IMPLICIT_RETAIN_SELF = YES;
				CLANG_WARN_OBJC_LITERAL_CONVERSION = YES;
				CLANG_WARN_OBJC_ROOT_CLASS = YES_ERROR;
				CLANG_WARN_QUOTED_INCLUDE_IN_FRAMEWORK_HEADER = YES;
				CLANG_WARN_RANGE_LOOP_ANALYSIS = YES;
				CLANG_WARN_STRICT_PROTOTYPES = YES;
				CLANG_WARN_SUSPICIOUS_MOVE = YES;
				CLANG_WARN_UNGUARDED_AVAILABILITY = YES_AGGRESSIVE;
				CLANG_WARN_UNREACHABLE_CODE = YES;
				CLANG_WARN__DUPLICATE_METHOD_MATCH = YES;
				COPY_PHASE_STRIP = NO;
				DEBUG_INFORMATION_FORMAT = "dwarf-with-dsym";
				DEVELOPMENT_TEAM = A487VR8892;
				ENABLE_NS_ASSERTIONS = NO;
				ENABLE_STRICT_OBJC_MSGSEND = YES;
				ENABLE_USER_SCRIPT_SANDBOXING = YES;
				GCC_C_LANGUAGE_STANDARD = gnu17;
				GCC_NO_COMMON_BLOCKS = YES;
				GCC_WARN_64_TO_32_BIT_CONVERSION = YES;
				GCC_WARN_ABOUT_RETURN_TYPE = YES_ERROR;
				GCC_WARN_UNDECLARED_SELECTOR = YES;
				GCC_WARN_UNINITIALIZED_AUTOS = YES_AGGRESSIVE;
				GCC_WARN_UNUSED_FUNCTION = YES;
				GCC_WARN_UNUSED_VARIABLE = YES;
				IPHONEOS_DEPLOYMENT_TARGET = 26.0;
				LOCALIZATION_PREFERS_STRING_CATALOGS = YES;
				MTL_ENABLE_DEBUG_INFO = NO;
				MTL_FAST_MATH = YES;
				SDKROOT = iphoneos;
				SWIFT_COMPILATION_MODE = wholemodule;
				VALIDATE_PRODUCT = YES;
			};
			name = Release;
		};
		86795D922EB76918006346C5 /* Debug */ = {
			isa = XCBuildConfiguration;
			buildSettings = {
				ASSETCATALOG_COMPILER_APPICON_NAME = AppIcon;
				ASSETCATALOG_COMPILER_GLOBAL_ACCENT_COLOR_NAME = AccentColor;
				CODE_SIGN_STYLE = Automatic;
				CURRENT_PROJECT_VERSION = 1;
				DEVELOPMENT_TEAM = A487VR8892;
				ENABLE_PREVIEWS = YES;
				GENERATE_INFOPLIST_FILE = YES;
				INFOPLIST_KEY_NSMicrophoneUsageDescription = "We need access to your microphone to enable voice conversations with your AI coach.";
				INFOPLIST_KEY_UIApplicationSceneManifest_Generation = YES;
				INFOPLIST_KEY_UIApplicationSupportsIndirectInputEvents = YES;
				INFOPLIST_KEY_UILaunchScreen_Generation = YES;
				INFOPLIST_KEY_UISupportedInterfaceOrientations_iPad = "UIInterfaceOrientationPortrait UIInterfaceOrientationPortraitUpsideDown UIInterfaceOrientationLandscapeLeft UIInterfaceOrientationLandscapeRight";
				INFOPLIST_KEY_UISupportedInterfaceOrientations_iPhone = "UIInterfaceOrientationPortrait UIInterfaceOrientationLandscapeLeft UIInterfaceOrientationLandscapeRight";
				LD_RUNPATH_SEARCH_PATHS = (
					"$(inherited)",
					"@executable_path/Frameworks",
				);
				MARKETING_VERSION = 1.0;
				PRODUCT_BUNDLE_IDENTIFIER = com.binarybridge.MotivationalCoachApp;
				PRODUCT_NAME = "$(TARGET_NAME)";
				STRING_CATALOG_GENERATE_SYMBOLS = YES;
				SWIFT_APPROACHABLE_CONCURRENCY = YES;
				SWIFT_DEFAULT_ACTOR_ISOLATION = MainActor;
				SWIFT_EMIT_LOC_STRINGS = YES;
				SWIFT_UPCOMING_FEATURE_MEMBER_IMPORT_VISIBILITY = YES;
				SWIFT_VERSION = 5.0;
				TARGETED_DEVICE_FAMILY = "1,2";
			};
			name = Debug;
		};
		86795D932EB76918006346C5 /* Release */ = {
			isa = XCBuildConfiguration;
			buildSettings = {
				ASSETCATALOG_COMPILER_APPICON_NAME = AppIcon;
				ASSETCATALOG_COMPILER_GLOBAL_ACCENT_COLOR_NAME = AccentColor;
				CODE_SIGN_STYLE = Automatic;
				CURRENT_PROJECT_VERSION = 1;
				DEVELOPMENT_TEAM = A487VR8892;
				ENABLE_PREVIEWS = YES;
				GENERATE_INFOPLIST_FILE = YES;
				INFOPLIST_KEY_NSMicrophoneUsageDescription = "We need access to your microphone to enable voice conversations with your AI coach.";
				INFOPLIST_KEY_UIApplicationSceneManifest_Generation = YES;
				INFOPLIST_KEY_UIApplicationSupportsIndirectInputEvents = YES;
				INFOPLIST_KEY_UILaunchScreen_Generation = YES;
				INFOPLIST_KEY_UISupportedInterfaceOrientations_iPad = "UIInterfaceOrientationPortrait UIInterfaceOrientationPortraitUpsideDown UIInterfaceOrientationLandscapeLeft UIInterfaceOrientationLandscapeRight";
				INFOPLIST_KEY_UISupportedInterfaceOrientations_iPhone = "UIInterfaceOrientationPortrait UIInterfaceOrientationLandscapeLeft UIInterfaceOrientationLandscapeRight";
				LD_RUNPATH_SEARCH_PATHS = (
					"$(inherited)",
					"@executable_path/Frameworks",
				);
				MARKETING_VERSION = 1.0;
				PRODUCT_BUNDLE_IDENTIFIER = com.binarybridge.MotivationalCoachApp;
				PRODUCT_NAME = "$(TARGET_NAME)";
				STRING_CATALOG_GENERATE_SYMBOLS = YES;
				SWIFT_APPROACHABLE_CONCURRENCY = YES;
				SWIFT_DEFAULT_ACTOR_ISOLATION = MainActor;
				SWIFT_EMIT_LOC_STRINGS = YES;
				SWIFT_UPCOMING_FEATURE_MEMBER_IMPORT_VISIBILITY = YES;
				SWIFT_VERSION = 5.0;
				TARGETED_DEVICE_FAMILY = "1,2";
			};
			name = Release;
		};
		86795D952EB76918006346C5 /* Debug */ = {
			isa = XCBuildConfiguration;
			buildSettings = {
				BUNDLE_LOADER = "$(TEST_HOST)";
				CODE_SIGN_STYLE = Automatic;
				CURRENT_PROJECT_VERSION = 1;
				DEVELOPMENT_TEAM = A487VR8892;
				GENERATE_INFOPLIST_FILE = YES;
				IPHONEOS_DEPLOYMENT_TARGET = 26.0;
				MARKETING_VERSION = 1.0;
				PRODUCT_BUNDLE_IDENTIFIER = com.binarybridge.MotivationalCoachAppTests;
				PRODUCT_NAME = "$(TARGET_NAME)";
				STRING_CATALOG_GENERATE_SYMBOLS = NO;
				SWIFT_APPROACHABLE_CONCURRENCY = YES;
				SWIFT_EMIT_LOC_STRINGS = NO;
				SWIFT_UPCOMING_FEATURE_MEMBER_IMPORT_VISIBILITY = YES;
				SWIFT_VERSION = 5.0;
				TARGETED_DEVICE_FAMILY = "1,2";
				TEST_HOST = "$(BUILT_PRODUCTS_DIR)/MotivationalCoachApp.app/$(BUNDLE_EXECUTABLE_FOLDER_PATH)/MotivationalCoachApp";
			};
			name = Debug;
		};
		86795D962EB76918006346C5 /* Release */ = {
			isa = XCBuildConfiguration;
			buildSettings = {
				BUNDLE_LOADER = "$(TEST_HOST)";
				CODE_SIGN_STYLE = Automatic;
				CURRENT_PROJECT_VERSION = 1;
				DEVELOPMENT_TEAM = A487VR8892;
				GENERATE_INFOPLIST_FILE = YES;
				IPHONEOS_DEPLOYMENT_TARGET = 26.0;
				MARKETING_VERSION = 1.0;
				PRODUCT_BUNDLE_IDENTIFIER = com.binarybridge.MotivationalCoachAppTests;
				PRODUCT_NAME = "$(TARGET_NAME)";
				STRING_CATALOG_GENERATE_SYMBOLS = NO;
				SWIFT_APPROACHABLE_CONCURRENCY = YES;
				SWIFT_EMIT_LOC_STRINGS = NO;
				SWIFT_UPCOMING_FEATURE_MEMBER_IMPORT_VISIBILITY = YES;
				SWIFT_VERSION = 5.0;
				TARGETED_DEVICE_FAMILY = "1,2";
				TEST_HOST = "$(BUILT_PRODUCTS_DIR)/MotivationalCoachApp.app/$(BUNDLE_EXECUTABLE_FOLDER_PATH)/MotivationalCoachApp";
			};
			name = Release;
		};
		86795D982EB76918006346C5 /* Debug */ = {
			isa = XCBuildConfiguration;
			buildSettings = {
				CODE_SIGN_STYLE = Automatic;
				CURRENT_PROJECT_VERSION = 1;
				DEVELOPMENT_TEAM = A487VR8892;
				GENERATE_INFOPLIST_FILE = YES;
				MARKETING_VERSION = 1.0;
				PRODUCT_BUNDLE_IDENTIFIER = com.binarybridge.MotivationalCoachAppUITests;
				PRODUCT_NAME = "$(TARGET_NAME)";
				STRING_CATALOG_GENERATE_SYMBOLS = NO;
				SWIFT_APPROACHABLE_CONCURRENCY = YES;
				SWIFT_EMIT_LOC_STRINGS = NO;
				SWIFT_UPCOMING_FEATURE_MEMBER_IMPORT_VISIBILITY = YES;
				SWIFT_VERSION = 5.0;
				TARGETED_DEVICE_FAMILY = "1,2";
				TEST_TARGET_NAME = MotivationalCoachApp;
			};
			name = Debug;
		};
		86795D992EB76918006346C5 /* Release */ = {
			isa = XCBuildConfiguration;
			buildSettings = {
				CODE_SIGN_STYLE = Automatic;
				CURRENT_PROJECT_VERSION = 1;
				DEVELOPMENT_TEAM = A487VR8892;
				GENERATE_INFOPLIST_FILE = YES;
				MARKETING_VERSION = 1.0;
				PRODUCT_BUNDLE_IDENTIFIER = com.binarybridge.MotivationalCoachAppUITests;
				PRODUCT_NAME = "$(TARGET_NAME)";
				STRING_CATALOG_GENERATE_SYMBOLS = NO;
				SWIFT_APPROACHABLE_CONCURRENCY = YES;
				SWIFT_EMIT_LOC_STRINGS = NO;
				SWIFT_UPCOMING_FEATURE_MEMBER_IMPORT_VISIBILITY = YES;
				SWIFT_VERSION = 5.0;
				TARGETED_DEVICE_FAMILY = "1,2";
				TEST_TARGET_NAME = MotivationalCoachApp;
			};
			name = Release;
		};
/* End XCBuildConfiguration section */

/* Begin XCConfigurationList section */
		86795D6B2EB76917006346C5 /* Build configuration list for PBXProject "MotivationalCoachApp" */ = {
			isa = XCConfigurationList;
			buildConfigurations = (
				86795D8F2EB76918006346C5 /* Debug */,
				86795D902EB76918006346C5 /* Release */,
			);
			defaultConfigurationIsVisible = 0;
			defaultConfigurationName = Release;
		};
		86795D912EB76918006346C5 /* Build configuration list for PBXNativeTarget "MotivationalCoachApp" */ = {
			isa = XCConfigurationList;
			buildConfigurations = (
				86795D922EB76918006346C5 /* Debug */,
				86795D932EB76918006346C5 /* Release */,
			);
			defaultConfigurationIsVisible = 0;
			defaultConfigurationName = Release;
		};
		86795D942EB76918006346C5 /* Build configuration list for PBXNativeTarget "MotivationalCoachAppTests" */ = {
			isa = XCConfigurationList;
			buildConfigurations = (
				86795D952EB76918006346C5 /* Debug */,
				86795D962EB76918006346C5 /* Release */,
			);
			defaultConfigurationIsVisible = 0;
			defaultConfigurationName = Release;
		};
		86795D972EB76918006346C5 /* Build configuration list for PBXNativeTarget "MotivationalCoachAppUITests" */ = {
			isa = XCConfigurationList;
			buildConfigurations = (
				86795D982EB76918006346C5 /* Debug */,
				86795D992EB76918006346C5 /* Release */,
			);
			defaultConfigurationIsVisible = 0;
			defaultConfigurationName = Release;
		};
/* End XCConfigurationList section */
	};
	rootObject = 86795D682EB76917006346C5 /* Project object */;
}
